
Microsoft Visual Studio Solution File, Format Version 12.00
# Visual Studio 15
Project("{FAE04EC0-301F-11D3-BF4B-00C04F79EFBC}") = "VRMShaders.VRM10.MToon10.Runtime", "VRMShaders.VRM10.MToon10.Runtime.csproj", "{901A0E2E-6038-EB02-9C54-8AC2D0864483}"
EndProject
Project("{FAE04EC0-301F-11D3-BF4B-00C04F79EFBC}") = "Assembly-CSharp", "Assembly-CSharp.csproj", "{C7588FA1-AF9F-3A53-B4E9-921D2B52429D}"
EndProject
Project("{FAE04EC0-301F-11D3-BF4B-00C04F79EFBC}") = "MToon", "MToon.csproj", "{F42482EA-A52F-F0E6-B33A-1C0C95AB8790}"
EndProject
Project("{FAE04EC0-301F-11D3-BF4B-00C04F79EFBC}") = "VRMShaders.VRM10.MToon10.Editor", "VRMShaders.VRM10.MToon10.Editor.csproj", "{A4D56E18-8DF3-4C3C-3A75-F92E830C8D39}"
EndProject
Project("{FAE04EC0-301F-11D3-BF4B-00C04F79EFBC}") = "VRMShaders.VRM10.MToon10.Tests", "VRMShaders.VRM10.MToon10.Tests.csproj", "{E2D8AD63-26B2-267E-F64B-707150647571}"
EndProject
Project("{FAE04EC0-301F-11D3-BF4B-00C04F79EFBC}") = "Assembly-CSharp-Editor", "Assembly-CSharp-Editor.csproj", "{07873C5A-A8B3-1F8E-4C70-82D9FEA55756}"
EndProject
Project("{FAE04EC0-301F-11D3-BF4B-00C04F79EFBC}") = "MToon.Editor", "MToon.Editor.csproj", "{055FE1F3-0927-7E29-0F7E-0CF224716116}"
EndProject
Global
	GlobalSection(SolutionConfigurationPlatforms) = preSolution
		Debug|Any CPU = Debug|Any CPU
		Release|Any CPU = Release|Any CPU
	EndGlobalSection
	GlobalSection(ProjectConfigurationPlatforms) = postSolution
		{901A0E2E-6038-EB02-9C54-8AC2D0864483}.Debug|Any CPU.ActiveCfg = Debug|Any CPU
		{901A0E2E-6038-EB02-9C54-8AC2D0864483}.Debug|Any CPU.Build.0 = Debug|Any CPU
		{901A0E2E-6038-EB02-9C54-8AC2D0864483}.Release|Any CPU.ActiveCfg = Release|Any CPU
		{901A0E2E-6038-EB02-9C54-8AC2D0864483}.Release|Any CPU.Build.0 = Release|Any CPU
		{C7588FA1-AF9F-3A53-B4E9-921D2B52429D}.Debug|Any CPU.ActiveCfg = Debug|Any CPU
		{C7588FA1-AF9F-3A53-B4E9-921D2B52429D}.Debug|Any CPU.Build.0 = Debug|Any CPU
		{C7588FA1-AF9F-3A53-B4E9-921D2B52429D}.Release|Any CPU.ActiveCfg = Release|Any CPU
		{C7588FA1-AF9F-3A53-B4E9-921D2B52429D}.Release|Any CPU.Build.0 = Release|Any CPU
		{F42482EA-A52F-F0E6-B33A-1C0C95AB8790}.Debug|Any CPU.ActiveCfg = Debug|Any CPU
		{F42482EA-A52F-F0E6-B33A-1C0C95AB8790}.Debug|Any CPU.Build.0 = Debug|Any CPU
		{F42482EA-A52F-F0E6-B33A-1C0C95AB8790}.Release|Any CPU.ActiveCfg = Release|Any CPU
		{F42482EA-A52F-F0E6-B33A-1C0C95AB8790}.Release|Any CPU.Build.0 = Release|Any CPU
		{A4D56E18-8DF3-4C3C-3A75-F92E830C8D39}.Debug|Any CPU.ActiveCfg = Debug|Any CPU
		{A4D56E18-8DF3-4C3C-3A75-F92E830C8D39}.Debug|Any CPU.Build.0 = Debug|Any CPU
		{A4D56E18-8DF3-4C3C-3A75-F92E830C8D39}.Release|Any CPU.ActiveCfg = Release|Any CPU
		{A4D56E18-8DF3-4C3C-3A75-F92E830C8D39}.Release|Any CPU.Build.0 = Release|Any CPU
		{E2D8AD63-26B2-267E-F64B-707150647571}.Debug|Any CPU.ActiveCfg = Debug|Any CPU
		{E2D8AD63-26B2-267E-F64B-707150647571}.Debug|Any CPU.Build.0 = Debug|Any CPU
		{E2D8AD63-26B2-267E-F64B-707150647571}.Release|Any CPU.ActiveCfg = Release|Any CPU
		{E2D8AD63-26B2-267E-F64B-707150647571}.Release|Any CPU.Build.0 = Release|Any CPU
		{07873C5A-A8B3-1F8E-4C70-82D9FEA55756}.Debug|Any CPU.ActiveCfg = Debug|Any CPU
		{07873C5A-A8B3-1F8E-4C70-82D9FEA55756}.Debug|Any CPU.Build.0 = Debug|Any CPU
		{07873C5A-A8B3-1F8E-4C70-82D9FEA55756}.Release|Any CPU.ActiveCfg = Release|Any CPU
		{07873C5A-A8B3-1F8E-4C70-82D9FEA55756}.Release|Any CPU.Build.0 = Release|Any CPU
		{055FE1F3-0927-7E29-0F7E-0CF224716116}.Debug|Any CPU.ActiveCfg = Debug|Any CPU
		{055FE1F3-0927-7E29-0F7E-0CF224716116}.Debug|Any CPU.Build.0 = Debug|Any CPU
		{055FE1F3-0927-7E29-0F7E-0CF224716116}.Release|Any CPU.ActiveCfg = Release|Any CPU
		{055FE1F3-0927-7E29-0F7E-0CF224716116}.Release|Any CPU.Build.0 = Release|Any CPU
	EndGlobalSection
	GlobalSection(SolutionProperties) = preSolution
		HideSolutionNode = FALSE
	EndGlobalSection
EndGlobal
